PODS:
  - RuntimeHelpers (0.0.4)
  - UITableViewHelper (0.0.3):
    - RuntimeHelpers

DEPENDENCIES:
  - RuntimeHelpers
  - UITableViewHelper (from `../UITableViewHelper.podspec`)

EXTERNAL SOURCES:
  UITableViewHelper:
    :podspec: ../UITableViewHelper.podspec

SPEC CHECKSUMS:
  RuntimeHelpers: 06726ff83f7f30aba36ae569d90feff37a28bef7
  UITableViewHelper: 60a6048c533146e2cf8df154be28d6d3b50f4685

COCOAPODS: 0.29.0
